
Microsoft Visual Studio Solution File, Format Version 12.00
# Visual Studio 15
VisualStudioVersion = 15.0.27004.2009
MinimumVisualStudioVersion = 10.0.40219.1
Project("{2150E333-8FDC-42A3-9474-1A3956D46DE8}") = "02Isvedimas", "02Isvedimas", "{846FD0F9-D261-4711-A40B-88C39BC9D4DD}"
EndProject
Project("{2150E333-8FDC-42A3-9474-1A3956D46DE8}") = "01Kintamieji", "01Kintamieji", "{3FC2BF88-5A5B-4E3D-BBD5-3B370C0D23A1}"
EndProject
Project("{2150E333-8FDC-42A3-9474-1A3956D46DE8}") = "03Aritmetiniaiveiksmai", "03Aritmetiniaiveiksmai", "{C7301C71-B7BB-4106-8C95-6ADD060FC41F}"
EndProject
Project("{2150E333-8FDC-42A3-9474-1A3956D46DE8}") = "04Ivedimas", "04Ivedimas", "{4639E20D-D778-4A11-A479-59C325D26AB2}"
EndProject
Project("{FAE04EC0-301F-11D3-BF4B-00C04F79EFBC}") = "2-1", "1-1\2-1.csproj", "{6204DED4-FF17-4C6B-AF90-38869DD1FC11}"
EndProject
Project("{FAE04EC0-301F-11D3-BF4B-00C04F79EFBC}") = "2-2", "1-2\2-2.csproj", "{1B1BA4E6-78E8-44B2-A6ED-8CD98C6BB21F}"
EndProject
Project("{FAE04EC0-301F-11D3-BF4B-00C04F79EFBC}") = "2-3", "1-3\2-3.csproj", "{ECB18DFC-65F8-4275-B41A-124B2EEA368C}"
EndProject
Project("{FAE04EC0-301F-11D3-BF4B-00C04F79EFBC}") = "2-4", "1-4\2-4.csproj", "{67710397-D6EF-473C-A867-7788CBCEFDF9}"
EndProject
Project("{FAE04EC0-301F-11D3-BF4B-00C04F79EFBC}") = "2-5", "1-5\2-5.csproj", "{9E74F3CA-16CD-46AD-84EA-27FB13DFABF3}"
EndProject
Project("{FAE04EC0-301F-11D3-BF4B-00C04F79EFBC}") = "2-6", "1-6\2-6.csproj", "{FB807FE2-5D01-4722-B2C3-754DDC00099E}"
EndProject
Project("{FAE04EC0-301F-11D3-BF4B-00C04F79EFBC}") = "3-1", "3-1\3-1.csproj", "{867DB636-2566-4CC0-8860-D6FFC41BBB51}"
EndProject
Project("{FAE04EC0-301F-11D3-BF4B-00C04F79EFBC}") = "3-2", "3-2\3-2.csproj", "{B6B887F8-599C-4C25-BF97-DF5A39CAD653}"
EndProject
Project("{FAE04EC0-301F-11D3-BF4B-00C04F79EFBC}") = "3-3", "3-3\3-3.csproj", "{F624EF2E-16FD-44E6-B709-A6CFFBB1E64C}"
EndProject
Project("{FAE04EC0-301F-11D3-BF4B-00C04F79EFBC}") = "3-4", "3-4\3-4.csproj", "{547B67E6-B906-4A76-BBC2-D7F2AB707D98}"
EndProject
Project("{FAE04EC0-301F-11D3-BF4B-00C04F79EFBC}") = "3-5", "3-5\3-5.csproj", "{AEF84264-8118-4391-B17D-1A22C07FC8FF}"
EndProject
Project("{FAE04EC0-301F-11D3-BF4B-00C04F79EFBC}") = "3-6", "3-6\3-6.csproj", "{B3C0F8EB-5A58-4AE5-8912-D37EAF3A11E3}"
EndProject
Project("{FAE04EC0-301F-11D3-BF4B-00C04F79EFBC}") = "4-1", "4-1\4-1.csproj", "{C2E48EB4-4739-446C-9772-C37F6E1DA01B}"
EndProject
Project("{FAE04EC0-301F-11D3-BF4B-00C04F79EFBC}") = "4-2", "4-2\4-2.csproj", "{C0E8C88C-157C-4A85-B720-89809CFF7274}"
EndProject
Project("{FAE04EC0-301F-11D3-BF4B-00C04F79EFBC}") = "4-3", "4-3\4-3.csproj", "{61AC72C7-0C9E-4881-95B1-FD0BAB5B44F3}"
EndProject
Project("{FAE04EC0-301F-11D3-BF4B-00C04F79EFBC}") = "4-4", "4-4\4-4.csproj", "{01388100-3C29-4C78-A0BE-27A7C7DDA55C}"
EndProject
Project("{FAE04EC0-301F-11D3-BF4B-00C04F79EFBC}") = "4-5", "4-5\4-5.csproj", "{18CC6B2D-87A3-4C09-AD11-933D6D48EBA7}"
EndProject
Project("{FAE04EC0-301F-11D3-BF4B-00C04F79EFBC}") = "4-6", "4-6\4-6.csproj", "{E9B6D6FB-DFDF-4A51-98BA-A99DA4152DAF}"
EndProject
Project("{FAE04EC0-301F-11D3-BF4B-00C04F79EFBC}") = "4-7", "4-7\4-7.csproj", "{0AB4AC45-50C1-4A9F-AA99-C1F80521BE89}"
EndProject
Project("{2150E333-8FDC-42A3-9474-1A3956D46DE8}") = "05IF", "05IF", "{FC0C013F-FF98-4EBD-8973-44B741E7A904}"
EndProject
Project("{FAE04EC0-301F-11D3-BF4B-00C04F79EFBC}") = "5-1", "5-1\5-1.csproj", "{18C621E3-5C43-4E70-B902-4928A837BA23}"
EndProject
Project("{FAE04EC0-301F-11D3-BF4B-00C04F79EFBC}") = "5-2", "5-2\5-2.csproj", "{8623A016-1931-4D9F-8AC8-5F8F633E6C2A}"
EndProject
Project("{FAE04EC0-301F-11D3-BF4B-00C04F79EFBC}") = "5-3", "5-3\5-3.csproj", "{4826D492-9E75-4617-BFAE-2D0431DE014F}"
EndProject
Project("{FAE04EC0-301F-11D3-BF4B-00C04F79EFBC}") = "5-4", "5-4\5-4.csproj", "{E19D6C9E-A737-4304-A480-9F7222F2FA2A}"
EndProject
Project("{2150E333-8FDC-42A3-9474-1A3956D46DE8}") = "06Elseif", "06Elseif", "{A2DF2873-9450-42A5-B44A-933CD59754AD}"
EndProject
Project("{FAE04EC0-301F-11D3-BF4B-00C04F79EFBC}") = "6-1", "6-1\6-1.csproj", "{482ADFBD-3841-4F3C-B4DB-16809C54A92D}"
EndProject
Project("{FAE04EC0-301F-11D3-BF4B-00C04F79EFBC}") = "6-2", "6-2\6-2.csproj", "{09AF1F2A-682F-492F-BB66-A9E89F8C0D6C}"
EndProject
Project("{FAE04EC0-301F-11D3-BF4B-00C04F79EFBC}") = "6-3", "6-3\6-3.csproj", "{0FC32A04-035C-4907-8224-DA103E5425BA}"
EndProject
Project("{FAE04EC0-301F-11D3-BF4B-00C04F79EFBC}") = "6-4", "6-4\6-4.csproj", "{B936049F-5D49-4CAA-B64F-C1406A6E62A0}"
EndProject
Project("{2150E333-8FDC-42A3-9474-1A3956D46DE8}") = "07else", "07else", "{84E3B5C8-86A7-4F8E-82B7-0E045A8C2254}"
EndProject
Project("{FAE04EC0-301F-11D3-BF4B-00C04F79EFBC}") = "7-1", "7-1\7-1.csproj", "{A8B595F2-20DA-422C-BB6A-7FD54E01BC18}"
EndProject
Project("{FAE04EC0-301F-11D3-BF4B-00C04F79EFBC}") = "7-2", "7-2\7-2.csproj", "{C9EDA5EE-7225-44FA-9CA0-980A78CA0021}"
EndProject
Project("{FAE04EC0-301F-11D3-BF4B-00C04F79EFBC}") = "7-3", "7-3\7-3.csproj", "{E5DD8AD9-99BC-4BA4-8D22-C8AD90751FDD}"
EndProject
Project("{FAE04EC0-301F-11D3-BF4B-00C04F79EFBC}") = "7-4", "7-4\7-4.csproj", "{BC306851-E46C-4F2F-8026-2F87DFA0E0EF}"
EndProject
Project("{FAE04EC0-301F-11D3-BF4B-00C04F79EFBC}") = "7-5", "7-5\7-5.csproj", "{127FACF6-241E-4AAB-B1A8-E851383E86E1}"
EndProject
Project("{FAE04EC0-301F-11D3-BF4B-00C04F79EFBC}") = "7-6", "7-6\7-6.csproj", "{85B276E8-67F4-49DC-B40F-9D06B3D297E6}"
EndProject
Project("{2150E333-8FDC-42A3-9474-1A3956D46DE8}") = "08switch", "08switch", "{E32B3021-605B-47D4-A84D-AC08E40D0F9B}"
EndProject
Project("{FAE04EC0-301F-11D3-BF4B-00C04F79EFBC}") = "8-1", "8-1\8-1.csproj", "{4281AAA2-2C03-40F5-B283-37AE5AAEEACF}"
EndProject
Project("{FAE04EC0-301F-11D3-BF4B-00C04F79EFBC}") = "8-2", "8-2\8-2.csproj", "{33C7E3DA-EFFF-40F0-80F4-B308339A590F}"
EndProject
Project("{FAE04EC0-301F-11D3-BF4B-00C04F79EFBC}") = "8-3", "8-3\8-3.csproj", "{E777881F-578B-4A42-8B5A-377071918181}"
EndProject
Project("{FAE04EC0-301F-11D3-BF4B-00C04F79EFBC}") = "8-4", "8-4\8-4.csproj", "{DAE65562-5BA5-48BF-A81D-761241E57D39}"
EndProject
Project("{FAE04EC0-301F-11D3-BF4B-00C04F79EFBC}") = "Tarpine uzduotis", "Tarpine uzduotis\Tarpine uzduotis.csproj", "{8BDE1C2F-DEB9-4C5C-B354-A459982B1810}"
EndProject
Project("{FAE04EC0-301F-11D3-BF4B-00C04F79EFBC}") = "fdg", "ConsoleApp1\fdg.csproj", "{2EE328BB-B566-4C3F-8F02-7EE4F303773C}"
EndProject
Project("{2150E333-8FDC-42A3-9474-1A3956D46DE8}") = "09For", "09For", "{C2E0F26B-C3C3-4E5A-B8DA-12B90A2D1283}"
EndProject
Project("{FAE04EC0-301F-11D3-BF4B-00C04F79EFBC}") = "9-1", "9-1\9-1.csproj", "{5961D328-320C-4298-A8BA-DD72816C5848}"
EndProject
Project("{FAE04EC0-301F-11D3-BF4B-00C04F79EFBC}") = "9-2", "9-2\9-2.csproj", "{F483BD6B-F0DE-413E-8391-02D41C9B0CC6}"
EndProject
Project("{FAE04EC0-301F-11D3-BF4B-00C04F79EFBC}") = "9-3", "9-3\9-3.csproj", "{B00E61A7-A5B1-432C-990F-BFDDFB2E1017}"
EndProject
Project("{FAE04EC0-301F-11D3-BF4B-00C04F79EFBC}") = "9-4", "9-4\9-4.csproj", "{FA13BD7F-03AB-4C05-8FC6-0B83A441E17E}"
EndProject
Project("{2150E333-8FDC-42A3-9474-1A3956D46DE8}") = "10While", "10While", "{8A6FDB79-2C09-4744-9C13-CF43960E16BB}"
EndProject
Project("{2150E333-8FDC-42A3-9474-1A3956D46DE8}") = "11Masyvai", "11Masyvai", "{F774C397-819D-405A-9939-FC98D47BF27D}"
EndProject
Project("{FAE04EC0-301F-11D3-BF4B-00C04F79EFBC}") = "11-1", "11-1\11-1.csproj", "{E4F9A669-6EB8-4F56-8461-056792DDA8B5}"
EndProject
Project("{FAE04EC0-301F-11D3-BF4B-00C04F79EFBC}") = "9-5", "9-5\9-5.csproj", "{49ABC1FD-749C-4709-A38B-79BB51301AFE}"
EndProject
Project("{FAE04EC0-301F-11D3-BF4B-00C04F79EFBC}") = "11-2", "11-2\11-2.csproj", "{2282A0A4-9659-4A4F-A40A-E0CC5AF84D9B}"
EndProject
Project("{FAE04EC0-301F-11D3-BF4B-00C04F79EFBC}") = "11-3", "11-3\11-3.csproj", "{9F672A7A-03CD-4404-B728-EDC07B79E4C3}"
EndProject
Project("{FAE04EC0-301F-11D3-BF4B-00C04F79EFBC}") = "11-4", "11-4\11-4.csproj", "{6EB7C858-2274-4063-99FF-6348FAB7EE11}"
EndProject
Project("{2150E333-8FDC-42A3-9474-1A3956D46DE8}") = "12Sarasa", "12Sarasa", "{2611E040-3556-4AC3-9887-2489805038A6}"
EndProject
Project("{2150E333-8FDC-42A3-9474-1A3956D46DE8}") = "12sarasas", "12sarasas", "{5D14A670-5B5D-48A6-9B3E-5A4A484A935F}"
EndProject
Project("{2150E333-8FDC-42A3-9474-1A3956D46DE8}") = "12Sarasai", "12Sarasai", "{C6D7E571-4CC8-451C-AD9B-9006DEAB1028}"
EndProject
Project("{FAE04EC0-301F-11D3-BF4B-00C04F79EFBC}") = "12-4", "12-4\12-4.csproj", "{9038CAA2-1321-4E4D-A112-D82B88E2A20B}"
EndProject
Project("{FAE04EC0-301F-11D3-BF4B-00C04F79EFBC}") = "12-5", "12-5\12-5.csproj", "{6802186C-3181-462C-9A91-8F12E9F6D1A4}"
EndProject
Project("{2150E333-8FDC-42A3-9474-1A3956D46DE8}") = "13metodai", "13metodai", "{565285C9-A791-40C4-B313-2DE318107F8D}"
EndProject
Project("{FAE04EC0-301F-11D3-BF4B-00C04F79EFBC}") = "pavyzdys", "ConsoleApp2\pavyzdys.csproj", "{2B945117-9EEC-4170-99A8-EB0CF6E726DC}"
EndProject
Project("{FAE04EC0-301F-11D3-BF4B-00C04F79EFBC}") = "13-1", "13-2\13-1.csproj", "{CD5992F9-EDDC-4160-93DC-398BB9886340}"
EndProject
Project("{FAE04EC0-301F-11D3-BF4B-00C04F79EFBC}") = "13-3", "13-3\13-3.csproj", "{7F97E03B-BC9A-4C8B-88AB-606D6C508B82}"
EndProject
Project("{FAE04EC0-301F-11D3-BF4B-00C04F79EFBC}") = "13-5", "13-5\13-5.csproj", "{B8775F56-C233-40B0-9FED-114463BD69CF}"
EndProject
Project("{FAE04EC0-301F-11D3-BF4B-00C04F79EFBC}") = "15-6", "15-6\15-6.csproj", "{DA7577B3-1013-4843-9ED5-CC7E48280DB9}"
EndProject
Global
	GlobalSection(SolutionConfigurationPlatforms) = preSolution
		Debug|Any CPU = Debug|Any CPU
		Release|Any CPU = Release|Any CPU
	EndGlobalSection
	GlobalSection(ProjectConfigurationPlatforms) = postSolution
		{6204DED4-FF17-4C6B-AF90-38869DD1FC11}.Debug|Any CPU.ActiveCfg = Debug|Any CPU
		{6204DED4-FF17-4C6B-AF90-38869DD1FC11}.Debug|Any CPU.Build.0 = Debug|Any CPU
		{6204DED4-FF17-4C6B-AF90-38869DD1FC11}.Release|Any CPU.ActiveCfg = Release|Any CPU
		{6204DED4-FF17-4C6B-AF90-38869DD1FC11}.Release|Any CPU.Build.0 = Release|Any CPU
		{1B1BA4E6-78E8-44B2-A6ED-8CD98C6BB21F}.Debug|Any CPU.ActiveCfg = Debug|Any CPU
		{1B1BA4E6-78E8-44B2-A6ED-8CD98C6BB21F}.Debug|Any CPU.Build.0 = Debug|Any CPU
		{1B1BA4E6-78E8-44B2-A6ED-8CD98C6BB21F}.Release|Any CPU.ActiveCfg = Release|Any CPU
		{1B1BA4E6-78E8-44B2-A6ED-8CD98C6BB21F}.Release|Any CPU.Build.0 = Release|Any CPU
		{ECB18DFC-65F8-4275-B41A-124B2EEA368C}.Debug|Any CPU.ActiveCfg = Debug|Any CPU
		{ECB18DFC-65F8-4275-B41A-124B2EEA368C}.Debug|Any CPU.Build.0 = Debug|Any CPU
		{ECB18DFC-65F8-4275-B41A-124B2EEA368C}.Release|Any CPU.ActiveCfg = Release|Any CPU
		{ECB18DFC-65F8-4275-B41A-124B2EEA368C}.Release|Any CPU.Build.0 = Release|Any CPU
		{67710397-D6EF-473C-A867-7788CBCEFDF9}.Debug|Any CPU.ActiveCfg = Debug|Any CPU
		{67710397-D6EF-473C-A867-7788CBCEFDF9}.Debug|Any CPU.Build.0 = Debug|Any CPU
		{67710397-D6EF-473C-A867-7788CBCEFDF9}.Release|Any CPU.ActiveCfg = Release|Any CPU
		{67710397-D6EF-473C-A867-7788CBCEFDF9}.Release|Any CPU.Build.0 = Release|Any CPU
		{9E74F3CA-16CD-46AD-84EA-27FB13DFABF3}.Debug|Any CPU.ActiveCfg = Debug|Any CPU
		{9E74F3CA-16CD-46AD-84EA-27FB13DFABF3}.Debug|Any CPU.Build.0 = Debug|Any CPU
		{9E74F3CA-16CD-46AD-84EA-27FB13DFABF3}.Release|Any CPU.ActiveCfg = Release|Any CPU
		{9E74F3CA-16CD-46AD-84EA-27FB13DFABF3}.Release|Any CPU.Build.0 = Release|Any CPU
		{FB807FE2-5D01-4722-B2C3-754DDC00099E}.Debug|Any CPU.ActiveCfg = Debug|Any CPU
		{FB807FE2-5D01-4722-B2C3-754DDC00099E}.Debug|Any CPU.Build.0 = Debug|Any CPU
		{FB807FE2-5D01-4722-B2C3-754DDC00099E}.Release|Any CPU.ActiveCfg = Release|Any CPU
		{FB807FE2-5D01-4722-B2C3-754DDC00099E}.Release|Any CPU.Build.0 = Release|Any CPU
		{867DB636-2566-4CC0-8860-D6FFC41BBB51}.Debug|Any CPU.ActiveCfg = Debug|Any CPU
		{867DB636-2566-4CC0-8860-D6FFC41BBB51}.Debug|Any CPU.Build.0 = Debug|Any CPU
		{867DB636-2566-4CC0-8860-D6FFC41BBB51}.Release|Any CPU.ActiveCfg = Release|Any CPU
		{867DB636-2566-4CC0-8860-D6FFC41BBB51}.Release|Any CPU.Build.0 = Release|Any CPU
		{B6B887F8-599C-4C25-BF97-DF5A39CAD653}.Debug|Any CPU.ActiveCfg = Debug|Any CPU
		{B6B887F8-599C-4C25-BF97-DF5A39CAD653}.Debug|Any CPU.Build.0 = Debug|Any CPU
		{B6B887F8-599C-4C25-BF97-DF5A39CAD653}.Release|Any CPU.ActiveCfg = Release|Any CPU
		{B6B887F8-599C-4C25-BF97-DF5A39CAD653}.Release|Any CPU.Build.0 = Release|Any CPU
		{F624EF2E-16FD-44E6-B709-A6CFFBB1E64C}.Debug|Any CPU.ActiveCfg = Debug|Any CPU
		{F624EF2E-16FD-44E6-B709-A6CFFBB1E64C}.Debug|Any CPU.Build.0 = Debug|Any CPU
		{F624EF2E-16FD-44E6-B709-A6CFFBB1E64C}.Release|Any CPU.ActiveCfg = Release|Any CPU
		{F624EF2E-16FD-44E6-B709-A6CFFBB1E64C}.Release|Any CPU.Build.0 = Release|Any CPU
		{547B67E6-B906-4A76-BBC2-D7F2AB707D98}.Debug|Any CPU.ActiveCfg = Debug|Any CPU
		{547B67E6-B906-4A76-BBC2-D7F2AB707D98}.Debug|Any CPU.Build.0 = Debug|Any CPU
		{547B67E6-B906-4A76-BBC2-D7F2AB707D98}.Release|Any CPU.ActiveCfg = Release|Any CPU
		{547B67E6-B906-4A76-BBC2-D7F2AB707D98}.Release|Any CPU.Build.0 = Release|Any CPU
		{AEF84264-8118-4391-B17D-1A22C07FC8FF}.Debug|Any CPU.ActiveCfg = Debug|Any CPU
		{AEF84264-8118-4391-B17D-1A22C07FC8FF}.Debug|Any CPU.Build.0 = Debug|Any CPU
		{AEF84264-8118-4391-B17D-1A22C07FC8FF}.Release|Any CPU.ActiveCfg = Release|Any CPU
		{AEF84264-8118-4391-B17D-1A22C07FC8FF}.Release|Any CPU.Build.0 = Release|Any CPU
		{B3C0F8EB-5A58-4AE5-8912-D37EAF3A11E3}.Debug|Any CPU.ActiveCfg = Debug|Any CPU
		{B3C0F8EB-5A58-4AE5-8912-D37EAF3A11E3}.Debug|Any CPU.Build.0 = Debug|Any CPU
		{B3C0F8EB-5A58-4AE5-8912-D37EAF3A11E3}.Release|Any CPU.ActiveCfg = Release|Any CPU
		{B3C0F8EB-5A58-4AE5-8912-D37EAF3A11E3}.Release|Any CPU.Build.0 = Release|Any CPU
		{C2E48EB4-4739-446C-9772-C37F6E1DA01B}.Debug|Any CPU.ActiveCfg = Debug|Any CPU
		{C2E48EB4-4739-446C-9772-C37F6E1DA01B}.Debug|Any CPU.Build.0 = Debug|Any CPU
		{C2E48EB4-4739-446C-9772-C37F6E1DA01B}.Release|Any CPU.ActiveCfg = Release|Any CPU
		{C2E48EB4-4739-446C-9772-C37F6E1DA01B}.Release|Any CPU.Build.0 = Release|Any CPU
		{C0E8C88C-157C-4A85-B720-89809CFF7274}.Debug|Any CPU.ActiveCfg = Debug|Any CPU
		{C0E8C88C-157C-4A85-B720-89809CFF7274}.Debug|Any CPU.Build.0 = Debug|Any CPU
		{C0E8C88C-157C-4A85-B720-89809CFF7274}.Release|Any CPU.ActiveCfg = Release|Any CPU
		{C0E8C88C-157C-4A85-B720-89809CFF7274}.Release|Any CPU.Build.0 = Release|Any CPU
		{61AC72C7-0C9E-4881-95B1-FD0BAB5B44F3}.Debug|Any CPU.ActiveCfg = Debug|Any CPU
		{61AC72C7-0C9E-4881-95B1-FD0BAB5B44F3}.Debug|Any CPU.Build.0 = Debug|Any CPU
		{61AC72C7-0C9E-4881-95B1-FD0BAB5B44F3}.Release|Any CPU.ActiveCfg = Release|Any CPU
		{61AC72C7-0C9E-4881-95B1-FD0BAB5B44F3}.Release|Any CPU.Build.0 = Release|Any CPU
		{01388100-3C29-4C78-A0BE-27A7C7DDA55C}.Debug|Any CPU.ActiveCfg = Debug|Any CPU
		{01388100-3C29-4C78-A0BE-27A7C7DDA55C}.Debug|Any CPU.Build.0 = Debug|Any CPU
		{01388100-3C29-4C78-A0BE-27A7C7DDA55C}.Release|Any CPU.ActiveCfg = Release|Any CPU
		{01388100-3C29-4C78-A0BE-27A7C7DDA55C}.Release|Any CPU.Build.0 = Release|Any CPU
		{18CC6B2D-87A3-4C09-AD11-933D6D48EBA7}.Debug|Any CPU.ActiveCfg = Debug|Any CPU
		{18CC6B2D-87A3-4C09-AD11-933D6D48EBA7}.Debug|Any CPU.Build.0 = Debug|Any CPU
		{18CC6B2D-87A3-4C09-AD11-933D6D48EBA7}.Release|Any CPU.ActiveCfg = Release|Any CPU
		{18CC6B2D-87A3-4C09-AD11-933D6D48EBA7}.Release|Any CPU.Build.0 = Release|Any CPU
		{E9B6D6FB-DFDF-4A51-98BA-A99DA4152DAF}.Debug|Any CPU.ActiveCfg = Debug|Any CPU
		{E9B6D6FB-DFDF-4A51-98BA-A99DA4152DAF}.Debug|Any CPU.Build.0 = Debug|Any CPU
		{E9B6D6FB-DFDF-4A51-98BA-A99DA4152DAF}.Release|Any CPU.ActiveCfg = Release|Any CPU
		{E9B6D6FB-DFDF-4A51-98BA-A99DA4152DAF}.Release|Any CPU.Build.0 = Release|Any CPU
		{0AB4AC45-50C1-4A9F-AA99-C1F80521BE89}.Debug|Any CPU.ActiveCfg = Debug|Any CPU
		{0AB4AC45-50C1-4A9F-AA99-C1F80521BE89}.Debug|Any CPU.Build.0 = Debug|Any CPU
		{0AB4AC45-50C1-4A9F-AA99-C1F80521BE89}.Release|Any CPU.ActiveCfg = Release|Any CPU
		{0AB4AC45-50C1-4A9F-AA99-C1F80521BE89}.Release|Any CPU.Build.0 = Release|Any CPU
		{18C621E3-5C43-4E70-B902-4928A837BA23}.Debug|Any CPU.ActiveCfg = Debug|Any CPU
		{18C621E3-5C43-4E70-B902-4928A837BA23}.Debug|Any CPU.Build.0 = Debug|Any CPU
		{18C621E3-5C43-4E70-B902-4928A837BA23}.Release|Any CPU.ActiveCfg = Release|Any CPU
		{18C621E3-5C43-4E70-B902-4928A837BA23}.Release|Any CPU.Build.0 = Release|Any CPU
		{8623A016-1931-4D9F-8AC8-5F8F633E6C2A}.Debug|Any CPU.ActiveCfg = Debug|Any CPU
		{8623A016-1931-4D9F-8AC8-5F8F633E6C2A}.Debug|Any CPU.Build.0 = Debug|Any CPU
		{8623A016-1931-4D9F-8AC8-5F8F633E6C2A}.Release|Any CPU.ActiveCfg = Release|Any CPU
		{8623A016-1931-4D9F-8AC8-5F8F633E6C2A}.Release|Any CPU.Build.0 = Release|Any CPU
		{4826D492-9E75-4617-BFAE-2D0431DE014F}.Debug|Any CPU.ActiveCfg = Debug|Any CPU
		{4826D492-9E75-4617-BFAE-2D0431DE014F}.Debug|Any CPU.Build.0 = Debug|Any CPU
		{4826D492-9E75-4617-BFAE-2D0431DE014F}.Release|Any CPU.ActiveCfg = Release|Any CPU
		{4826D492-9E75-4617-BFAE-2D0431DE014F}.Release|Any CPU.Build.0 = Release|Any CPU
		{E19D6C9E-A737-4304-A480-9F7222F2FA2A}.Debug|Any CPU.ActiveCfg = Debug|Any CPU
		{E19D6C9E-A737-4304-A480-9F7222F2FA2A}.Debug|Any CPU.Build.0 = Debug|Any CPU
		{E19D6C9E-A737-4304-A480-9F7222F2FA2A}.Release|Any CPU.ActiveCfg = Release|Any CPU
		{E19D6C9E-A737-4304-A480-9F7222F2FA2A}.Release|Any CPU.Build.0 = Release|Any CPU
		{482ADFBD-3841-4F3C-B4DB-16809C54A92D}.Debug|Any CPU.ActiveCfg = Debug|Any CPU
		{482ADFBD-3841-4F3C-B4DB-16809C54A92D}.Debug|Any CPU.Build.0 = Debug|Any CPU
		{482ADFBD-3841-4F3C-B4DB-16809C54A92D}.Release|Any CPU.ActiveCfg = Release|Any CPU
		{482ADFBD-3841-4F3C-B4DB-16809C54A92D}.Release|Any CPU.Build.0 = Release|Any CPU
		{09AF1F2A-682F-492F-BB66-A9E89F8C0D6C}.Debug|Any CPU.ActiveCfg = Debug|Any CPU
		{09AF1F2A-682F-492F-BB66-A9E89F8C0D6C}.Debug|Any CPU.Build.0 = Debug|Any CPU
		{09AF1F2A-682F-492F-BB66-A9E89F8C0D6C}.Release|Any CPU.ActiveCfg = Release|Any CPU
		{09AF1F2A-682F-492F-BB66-A9E89F8C0D6C}.Release|Any CPU.Build.0 = Release|Any CPU
		{0FC32A04-035C-4907-8224-DA103E5425BA}.Debug|Any CPU.ActiveCfg = Debug|Any CPU
		{0FC32A04-035C-4907-8224-DA103E5425BA}.Debug|Any CPU.Build.0 = Debug|Any CPU
		{0FC32A04-035C-4907-8224-DA103E5425BA}.Release|Any CPU.ActiveCfg = Release|Any CPU
		{0FC32A04-035C-4907-8224-DA103E5425BA}.Release|Any CPU.Build.0 = Release|Any CPU
		{B936049F-5D49-4CAA-B64F-C1406A6E62A0}.Debug|Any CPU.ActiveCfg = Debug|Any CPU
		{B936049F-5D49-4CAA-B64F-C1406A6E62A0}.Debug|Any CPU.Build.0 = Debug|Any CPU
		{B936049F-5D49-4CAA-B64F-C1406A6E62A0}.Release|Any CPU.ActiveCfg = Release|Any CPU
		{B936049F-5D49-4CAA-B64F-C1406A6E62A0}.Release|Any CPU.Build.0 = Release|Any CPU
		{A8B595F2-20DA-422C-BB6A-7FD54E01BC18}.Debug|Any CPU.ActiveCfg = Debug|Any CPU
		{A8B595F2-20DA-422C-BB6A-7FD54E01BC18}.Debug|Any CPU.Build.0 = Debug|Any CPU
		{A8B595F2-20DA-422C-BB6A-7FD54E01BC18}.Release|Any CPU.ActiveCfg = Release|Any CPU
		{A8B595F2-20DA-422C-BB6A-7FD54E01BC18}.Release|Any CPU.Build.0 = Release|Any CPU
		{C9EDA5EE-7225-44FA-9CA0-980A78CA0021}.Debug|Any CPU.ActiveCfg = Debug|Any CPU
		{C9EDA5EE-7225-44FA-9CA0-980A78CA0021}.Debug|Any CPU.Build.0 = Debug|Any CPU
		{C9EDA5EE-7225-44FA-9CA0-980A78CA0021}.Release|Any CPU.ActiveCfg = Release|Any CPU
		{C9EDA5EE-7225-44FA-9CA0-980A78CA0021}.Release|Any CPU.Build.0 = Release|Any CPU
		{E5DD8AD9-99BC-4BA4-8D22-C8AD90751FDD}.Debug|Any CPU.ActiveCfg = Debug|Any CPU
		{E5DD8AD9-99BC-4BA4-8D22-C8AD90751FDD}.Debug|Any CPU.Build.0 = Debug|Any CPU
		{E5DD8AD9-99BC-4BA4-8D22-C8AD90751FDD}.Release|Any CPU.ActiveCfg = Release|Any CPU
		{E5DD8AD9-99BC-4BA4-8D22-C8AD90751FDD}.Release|Any CPU.Build.0 = Release|Any CPU
		{BC306851-E46C-4F2F-8026-2F87DFA0E0EF}.Debug|Any CPU.ActiveCfg = Debug|Any CPU
		{BC306851-E46C-4F2F-8026-2F87DFA0E0EF}.Debug|Any CPU.Build.0 = Debug|Any CPU
		{BC306851-E46C-4F2F-8026-2F87DFA0E0EF}.Release|Any CPU.ActiveCfg = Release|Any CPU
		{BC306851-E46C-4F2F-8026-2F87DFA0E0EF}.Release|Any CPU.Build.0 = Release|Any CPU
		{127FACF6-241E-4AAB-B1A8-E851383E86E1}.Debug|Any CPU.ActiveCfg = Debug|Any CPU
		{127FACF6-241E-4AAB-B1A8-E851383E86E1}.Debug|Any CPU.Build.0 = Debug|Any CPU
		{127FACF6-241E-4AAB-B1A8-E851383E86E1}.Release|Any CPU.ActiveCfg = Release|Any CPU
		{127FACF6-241E-4AAB-B1A8-E851383E86E1}.Release|Any CPU.Build.0 = Release|Any CPU
		{85B276E8-67F4-49DC-B40F-9D06B3D297E6}.Debug|Any CPU.ActiveCfg = Debug|Any CPU
		{85B276E8-67F4-49DC-B40F-9D06B3D297E6}.Debug|Any CPU.Build.0 = Debug|Any CPU
		{85B276E8-67F4-49DC-B40F-9D06B3D297E6}.Release|Any CPU.ActiveCfg = Release|Any CPU
		{85B276E8-67F4-49DC-B40F-9D06B3D297E6}.Release|Any CPU.Build.0 = Release|Any CPU
		{4281AAA2-2C03-40F5-B283-37AE5AAEEACF}.Debug|Any CPU.ActiveCfg = Debug|Any CPU
		{4281AAA2-2C03-40F5-B283-37AE5AAEEACF}.Debug|Any CPU.Build.0 = Debug|Any CPU
		{4281AAA2-2C03-40F5-B283-37AE5AAEEACF}.Release|Any CPU.ActiveCfg = Release|Any CPU
		{4281AAA2-2C03-40F5-B283-37AE5AAEEACF}.Release|Any CPU.Build.0 = Release|Any CPU
		{33C7E3DA-EFFF-40F0-80F4-B308339A590F}.Debug|Any CPU.ActiveCfg = Debug|Any CPU
		{33C7E3DA-EFFF-40F0-80F4-B308339A590F}.Debug|Any CPU.Build.0 = Debug|Any CPU
		{33C7E3DA-EFFF-40F0-80F4-B308339A590F}.Release|Any CPU.ActiveCfg = Release|Any CPU
		{33C7E3DA-EFFF-40F0-80F4-B308339A590F}.Release|Any CPU.Build.0 = Release|Any CPU
		{E777881F-578B-4A42-8B5A-377071918181}.Debug|Any CPU.ActiveCfg = Debug|Any CPU
		{E777881F-578B-4A42-8B5A-377071918181}.Debug|Any CPU.Build.0 = Debug|Any CPU
		{E777881F-578B-4A42-8B5A-377071918181}.Release|Any CPU.ActiveCfg = Release|Any CPU
		{E777881F-578B-4A42-8B5A-377071918181}.Release|Any CPU.Build.0 = Release|Any CPU
		{DAE65562-5BA5-48BF-A81D-761241E57D39}.Debug|Any CPU.ActiveCfg = Debug|Any CPU
		{DAE65562-5BA5-48BF-A81D-761241E57D39}.Debug|Any CPU.Build.0 = Debug|Any CPU
		{DAE65562-5BA5-48BF-A81D-761241E57D39}.Release|Any CPU.ActiveCfg = Release|Any CPU
		{DAE65562-5BA5-48BF-A81D-761241E57D39}.Release|Any CPU.Build.0 = Release|Any CPU
		{8BDE1C2F-DEB9-4C5C-B354-A459982B1810}.Debug|Any CPU.ActiveCfg = Debug|Any CPU
		{8BDE1C2F-DEB9-4C5C-B354-A459982B1810}.Debug|Any CPU.Build.0 = Debug|Any CPU
		{8BDE1C2F-DEB9-4C5C-B354-A459982B1810}.Release|Any CPU.ActiveCfg = Release|Any CPU
		{8BDE1C2F-DEB9-4C5C-B354-A459982B1810}.Release|Any CPU.Build.0 = Release|Any CPU
		{2EE328BB-B566-4C3F-8F02-7EE4F303773C}.Debug|Any CPU.ActiveCfg = Debug|Any CPU
		{2EE328BB-B566-4C3F-8F02-7EE4F303773C}.Debug|Any CPU.Build.0 = Debug|Any CPU
		{2EE328BB-B566-4C3F-8F02-7EE4F303773C}.Release|Any CPU.ActiveCfg = Release|Any CPU
		{2EE328BB-B566-4C3F-8F02-7EE4F303773C}.Release|Any CPU.Build.0 = Release|Any CPU
		{5961D328-320C-4298-A8BA-DD72816C5848}.Debug|Any CPU.ActiveCfg = Debug|Any CPU
		{5961D328-320C-4298-A8BA-DD72816C5848}.Debug|Any CPU.Build.0 = Debug|Any CPU
		{5961D328-320C-4298-A8BA-DD72816C5848}.Release|Any CPU.ActiveCfg = Release|Any CPU
		{5961D328-320C-4298-A8BA-DD72816C5848}.Release|Any CPU.Build.0 = Release|Any CPU
		{F483BD6B-F0DE-413E-8391-02D41C9B0CC6}.Debug|Any CPU.ActiveCfg = Debug|Any CPU
		{F483BD6B-F0DE-413E-8391-02D41C9B0CC6}.Debug|Any CPU.Build.0 = Debug|Any CPU
		{F483BD6B-F0DE-413E-8391-02D41C9B0CC6}.Release|Any CPU.ActiveCfg = Release|Any CPU
		{F483BD6B-F0DE-413E-8391-02D41C9B0CC6}.Release|Any CPU.Build.0 = Release|Any CPU
		{B00E61A7-A5B1-432C-990F-BFDDFB2E1017}.Debug|Any CPU.ActiveCfg = Debug|Any CPU
		{B00E61A7-A5B1-432C-990F-BFDDFB2E1017}.Debug|Any CPU.Build.0 = Debug|Any CPU
		{B00E61A7-A5B1-432C-990F-BFDDFB2E1017}.Release|Any CPU.ActiveCfg = Release|Any CPU
		{B00E61A7-A5B1-432C-990F-BFDDFB2E1017}.Release|Any CPU.Build.0 = Release|Any CPU
		{FA13BD7F-03AB-4C05-8FC6-0B83A441E17E}.Debug|Any CPU.ActiveCfg = Debug|Any CPU
		{FA13BD7F-03AB-4C05-8FC6-0B83A441E17E}.Debug|Any CPU.Build.0 = Debug|Any CPU
		{FA13BD7F-03AB-4C05-8FC6-0B83A441E17E}.Release|Any CPU.ActiveCfg = Release|Any CPU
		{FA13BD7F-03AB-4C05-8FC6-0B83A441E17E}.Release|Any CPU.Build.0 = Release|Any CPU
		{E4F9A669-6EB8-4F56-8461-056792DDA8B5}.Debug|Any CPU.ActiveCfg = Debug|Any CPU
		{E4F9A669-6EB8-4F56-8461-056792DDA8B5}.Debug|Any CPU.Build.0 = Debug|Any CPU
		{E4F9A669-6EB8-4F56-8461-056792DDA8B5}.Release|Any CPU.ActiveCfg = Release|Any CPU
		{E4F9A669-6EB8-4F56-8461-056792DDA8B5}.Release|Any CPU.Build.0 = Release|Any CPU
		{49ABC1FD-749C-4709-A38B-79BB51301AFE}.Debug|Any CPU.ActiveCfg = Debug|Any CPU
		{49ABC1FD-749C-4709-A38B-79BB51301AFE}.Debug|Any CPU.Build.0 = Debug|Any CPU
		{49ABC1FD-749C-4709-A38B-79BB51301AFE}.Release|Any CPU.ActiveCfg = Release|Any CPU
		{49ABC1FD-749C-4709-A38B-79BB51301AFE}.Release|Any CPU.Build.0 = Release|Any CPU
		{2282A0A4-9659-4A4F-A40A-E0CC5AF84D9B}.Debug|Any CPU.ActiveCfg = Debug|Any CPU
		{2282A0A4-9659-4A4F-A40A-E0CC5AF84D9B}.Debug|Any CPU.Build.0 = Debug|Any CPU
		{2282A0A4-9659-4A4F-A40A-E0CC5AF84D9B}.Release|Any CPU.ActiveCfg = Release|Any CPU
		{2282A0A4-9659-4A4F-A40A-E0CC5AF84D9B}.Release|Any CPU.Build.0 = Release|Any CPU
		{9F672A7A-03CD-4404-B728-EDC07B79E4C3}.Debug|Any CPU.ActiveCfg = Debug|Any CPU
		{9F672A7A-03CD-4404-B728-EDC07B79E4C3}.Debug|Any CPU.Build.0 = Debug|Any CPU
		{9F672A7A-03CD-4404-B728-EDC07B79E4C3}.Release|Any CPU.ActiveCfg = Release|Any CPU
		{9F672A7A-03CD-4404-B728-EDC07B79E4C3}.Release|Any CPU.Build.0 = Release|Any CPU
		{6EB7C858-2274-4063-99FF-6348FAB7EE11}.Debug|Any CPU.ActiveCfg = Debug|Any CPU
		{6EB7C858-2274-4063-99FF-6348FAB7EE11}.Debug|Any CPU.Build.0 = Debug|Any CPU
		{6EB7C858-2274-4063-99FF-6348FAB7EE11}.Release|Any CPU.ActiveCfg = Release|Any CPU
		{6EB7C858-2274-4063-99FF-6348FAB7EE11}.Release|Any CPU.Build.0 = Release|Any CPU
		{9038CAA2-1321-4E4D-A112-D82B88E2A20B}.Debug|Any CPU.ActiveCfg = Debug|Any CPU
		{9038CAA2-1321-4E4D-A112-D82B88E2A20B}.Debug|Any CPU.Build.0 = Debug|Any CPU
		{9038CAA2-1321-4E4D-A112-D82B88E2A20B}.Release|Any CPU.ActiveCfg = Release|Any CPU
		{9038CAA2-1321-4E4D-A112-D82B88E2A20B}.Release|Any CPU.Build.0 = Release|Any CPU
		{6802186C-3181-462C-9A91-8F12E9F6D1A4}.Debug|Any CPU.ActiveCfg = Debug|Any CPU
		{6802186C-3181-462C-9A91-8F12E9F6D1A4}.Debug|Any CPU.Build.0 = Debug|Any CPU
		{6802186C-3181-462C-9A91-8F12E9F6D1A4}.Release|Any CPU.ActiveCfg = Release|Any CPU
		{6802186C-3181-462C-9A91-8F12E9F6D1A4}.Release|Any CPU.Build.0 = Release|Any CPU
		{2B945117-9EEC-4170-99A8-EB0CF6E726DC}.Debug|Any CPU.ActiveCfg = Debug|Any CPU
		{2B945117-9EEC-4170-99A8-EB0CF6E726DC}.Debug|Any CPU.Build.0 = Debug|Any CPU
		{2B945117-9EEC-4170-99A8-EB0CF6E726DC}.Release|Any CPU.ActiveCfg = Release|Any CPU
		{2B945117-9EEC-4170-99A8-EB0CF6E726DC}.Release|Any CPU.Build.0 = Release|Any CPU
		{CD5992F9-EDDC-4160-93DC-398BB9886340}.Debug|Any CPU.ActiveCfg = Debug|Any CPU
		{CD5992F9-EDDC-4160-93DC-398BB9886340}.Debug|Any CPU.Build.0 = Debug|Any CPU
		{CD5992F9-EDDC-4160-93DC-398BB9886340}.Release|Any CPU.ActiveCfg = Release|Any CPU
		{CD5992F9-EDDC-4160-93DC-398BB9886340}.Release|Any CPU.Build.0 = Release|Any CPU
		{7F97E03B-BC9A-4C8B-88AB-606D6C508B82}.Debug|Any CPU.ActiveCfg = Debug|Any CPU
		{7F97E03B-BC9A-4C8B-88AB-606D6C508B82}.Debug|Any CPU.Build.0 = Debug|Any CPU
		{7F97E03B-BC9A-4C8B-88AB-606D6C508B82}.Release|Any CPU.ActiveCfg = Release|Any CPU
		{7F97E03B-BC9A-4C8B-88AB-606D6C508B82}.Release|Any CPU.Build.0 = Release|Any CPU
		{B8775F56-C233-40B0-9FED-114463BD69CF}.Debug|Any CPU.ActiveCfg = Debug|Any CPU
		{B8775F56-C233-40B0-9FED-114463BD69CF}.Debug|Any CPU.Build.0 = Debug|Any CPU
		{B8775F56-C233-40B0-9FED-114463BD69CF}.Release|Any CPU.ActiveCfg = Release|Any CPU
		{B8775F56-C233-40B0-9FED-114463BD69CF}.Release|Any CPU.Build.0 = Release|Any CPU
		{DA7577B3-1013-4843-9ED5-CC7E48280DB9}.Debug|Any CPU.ActiveCfg = Debug|Any CPU
		{DA7577B3-1013-4843-9ED5-CC7E48280DB9}.Debug|Any CPU.Build.0 = Debug|Any CPU
		{DA7577B3-1013-4843-9ED5-CC7E48280DB9}.Release|Any CPU.ActiveCfg = Release|Any CPU
		{DA7577B3-1013-4843-9ED5-CC7E48280DB9}.Release|Any CPU.Build.0 = Release|Any CPU
	EndGlobalSection
	GlobalSection(SolutionProperties) = preSolution
		HideSolutionNode = FALSE
	EndGlobalSection
	GlobalSection(NestedProjects) = preSolution
		{6204DED4-FF17-4C6B-AF90-38869DD1FC11} = {846FD0F9-D261-4711-A40B-88C39BC9D4DD}
		{1B1BA4E6-78E8-44B2-A6ED-8CD98C6BB21F} = {846FD0F9-D261-4711-A40B-88C39BC9D4DD}
		{ECB18DFC-65F8-4275-B41A-124B2EEA368C} = {846FD0F9-D261-4711-A40B-88C39BC9D4DD}
		{67710397-D6EF-473C-A867-7788CBCEFDF9} = {846FD0F9-D261-4711-A40B-88C39BC9D4DD}
		{9E74F3CA-16CD-46AD-84EA-27FB13DFABF3} = {846FD0F9-D261-4711-A40B-88C39BC9D4DD}
		{FB807FE2-5D01-4722-B2C3-754DDC00099E} = {846FD0F9-D261-4711-A40B-88C39BC9D4DD}
		{867DB636-2566-4CC0-8860-D6FFC41BBB51} = {C7301C71-B7BB-4106-8C95-6ADD060FC41F}
		{B6B887F8-599C-4C25-BF97-DF5A39CAD653} = {C7301C71-B7BB-4106-8C95-6ADD060FC41F}
		{F624EF2E-16FD-44E6-B709-A6CFFBB1E64C} = {C7301C71-B7BB-4106-8C95-6ADD060FC41F}
		{547B67E6-B906-4A76-BBC2-D7F2AB707D98} = {C7301C71-B7BB-4106-8C95-6ADD060FC41F}
		{AEF84264-8118-4391-B17D-1A22C07FC8FF} = {C7301C71-B7BB-4106-8C95-6ADD060FC41F}
		{B3C0F8EB-5A58-4AE5-8912-D37EAF3A11E3} = {C7301C71-B7BB-4106-8C95-6ADD060FC41F}
		{C2E48EB4-4739-446C-9772-C37F6E1DA01B} = {4639E20D-D778-4A11-A479-59C325D26AB2}
		{C0E8C88C-157C-4A85-B720-89809CFF7274} = {4639E20D-D778-4A11-A479-59C325D26AB2}
		{61AC72C7-0C9E-4881-95B1-FD0BAB5B44F3} = {4639E20D-D778-4A11-A479-59C325D26AB2}
		{01388100-3C29-4C78-A0BE-27A7C7DDA55C} = {4639E20D-D778-4A11-A479-59C325D26AB2}
		{18CC6B2D-87A3-4C09-AD11-933D6D48EBA7} = {4639E20D-D778-4A11-A479-59C325D26AB2}
		{E9B6D6FB-DFDF-4A51-98BA-A99DA4152DAF} = {4639E20D-D778-4A11-A479-59C325D26AB2}
		{0AB4AC45-50C1-4A9F-AA99-C1F80521BE89} = {4639E20D-D778-4A11-A479-59C325D26AB2}
		{18C621E3-5C43-4E70-B902-4928A837BA23} = {FC0C013F-FF98-4EBD-8973-44B741E7A904}
		{8623A016-1931-4D9F-8AC8-5F8F633E6C2A} = {FC0C013F-FF98-4EBD-8973-44B741E7A904}
		{4826D492-9E75-4617-BFAE-2D0431DE014F} = {FC0C013F-FF98-4EBD-8973-44B741E7A904}
		{E19D6C9E-A737-4304-A480-9F7222F2FA2A} = {FC0C013F-FF98-4EBD-8973-44B741E7A904}
		{482ADFBD-3841-4F3C-B4DB-16809C54A92D} = {A2DF2873-9450-42A5-B44A-933CD59754AD}
		{09AF1F2A-682F-492F-BB66-A9E89F8C0D6C} = {A2DF2873-9450-42A5-B44A-933CD59754AD}
		{0FC32A04-035C-4907-8224-DA103E5425BA} = {A2DF2873-9450-42A5-B44A-933CD59754AD}
		{B936049F-5D49-4CAA-B64F-C1406A6E62A0} = {A2DF2873-9450-42A5-B44A-933CD59754AD}
		{A8B595F2-20DA-422C-BB6A-7FD54E01BC18} = {84E3B5C8-86A7-4F8E-82B7-0E045A8C2254}
		{C9EDA5EE-7225-44FA-9CA0-980A78CA0021} = {84E3B5C8-86A7-4F8E-82B7-0E045A8C2254}
		{E5DD8AD9-99BC-4BA4-8D22-C8AD90751FDD} = {84E3B5C8-86A7-4F8E-82B7-0E045A8C2254}
		{BC306851-E46C-4F2F-8026-2F87DFA0E0EF} = {84E3B5C8-86A7-4F8E-82B7-0E045A8C2254}
		{127FACF6-241E-4AAB-B1A8-E851383E86E1} = {84E3B5C8-86A7-4F8E-82B7-0E045A8C2254}
		{85B276E8-67F4-49DC-B40F-9D06B3D297E6} = {84E3B5C8-86A7-4F8E-82B7-0E045A8C2254}
		{4281AAA2-2C03-40F5-B283-37AE5AAEEACF} = {E32B3021-605B-47D4-A84D-AC08E40D0F9B}
		{33C7E3DA-EFFF-40F0-80F4-B308339A590F} = {E32B3021-605B-47D4-A84D-AC08E40D0F9B}
		{E777881F-578B-4A42-8B5A-377071918181} = {E32B3021-605B-47D4-A84D-AC08E40D0F9B}
		{DAE65562-5BA5-48BF-A81D-761241E57D39} = {E32B3021-605B-47D4-A84D-AC08E40D0F9B}
		{5961D328-320C-4298-A8BA-DD72816C5848} = {C2E0F26B-C3C3-4E5A-B8DA-12B90A2D1283}
		{F483BD6B-F0DE-413E-8391-02D41C9B0CC6} = {C2E0F26B-C3C3-4E5A-B8DA-12B90A2D1283}
		{B00E61A7-A5B1-432C-990F-BFDDFB2E1017} = {C2E0F26B-C3C3-4E5A-B8DA-12B90A2D1283}
		{FA13BD7F-03AB-4C05-8FC6-0B83A441E17E} = {C2E0F26B-C3C3-4E5A-B8DA-12B90A2D1283}
		{E4F9A669-6EB8-4F56-8461-056792DDA8B5} = {F774C397-819D-405A-9939-FC98D47BF27D}
		{49ABC1FD-749C-4709-A38B-79BB51301AFE} = {C2E0F26B-C3C3-4E5A-B8DA-12B90A2D1283}
		{2282A0A4-9659-4A4F-A40A-E0CC5AF84D9B} = {F774C397-819D-405A-9939-FC98D47BF27D}
		{9F672A7A-03CD-4404-B728-EDC07B79E4C3} = {F774C397-819D-405A-9939-FC98D47BF27D}
		{6EB7C858-2274-4063-99FF-6348FAB7EE11} = {F774C397-819D-405A-9939-FC98D47BF27D}
		{2611E040-3556-4AC3-9887-2489805038A6} = {3FC2BF88-5A5B-4E3D-BBD5-3B370C0D23A1}
		{9038CAA2-1321-4E4D-A112-D82B88E2A20B} = {C6D7E571-4CC8-451C-AD9B-9006DEAB1028}
		{6802186C-3181-462C-9A91-8F12E9F6D1A4} = {C6D7E571-4CC8-451C-AD9B-9006DEAB1028}
		{2B945117-9EEC-4170-99A8-EB0CF6E726DC} = {565285C9-A791-40C4-B313-2DE318107F8D}
		{CD5992F9-EDDC-4160-93DC-398BB9886340} = {565285C9-A791-40C4-B313-2DE318107F8D}
		{7F97E03B-BC9A-4C8B-88AB-606D6C508B82} = {565285C9-A791-40C4-B313-2DE318107F8D}
		{B8775F56-C233-40B0-9FED-114463BD69CF} = {565285C9-A791-40C4-B313-2DE318107F8D}
		{DA7577B3-1013-4843-9ED5-CC7E48280DB9} = {565285C9-A791-40C4-B313-2DE318107F8D}
	EndGlobalSection
	GlobalSection(ExtensibilityGlobals) = postSolution
		SolutionGuid = {8F851003-B5EF-49AE-84A2-634CC989B436}
	EndGlobalSection
EndGlobal
